
Microsoft Visual Studio Solution File, Format Version 12.00
# Visual Studio Version 16
VisualStudioVersion = 16.0.29215.179
MinimumVisualStudioVersion = 10.0.40219.1
Project("{FAE04EC0-301F-11D3-BF4B-00C04F79EFBC}") = "ProjectTakit", "ProjectTakit\ProjectTakit\ProjectTakit.csproj", "{152F37CA-6E04-43A3-A9A9-470BD5A2495A}"
EndProject
Project("{FAE04EC0-301F-11D3-BF4B-00C04F79EFBC}") = "ProjectTakit.Android", "ProjectTakit\ProjectTakit.Android\ProjectTakit.Android.csproj", "{6D27826A-5A2A-4DA0-894F-B4DD55CCF810}"
EndProject
Project("{FAE04EC0-301F-11D3-BF4B-00C04F79EFBC}") = "ProjectTakit.iOS", "ProjectTakit\ProjectTakit.iOS\ProjectTakit.iOS.csproj", "{30152962-1B63-4E9E-A296-354332591A68}"
EndProject
Project("{FAE04EC0-301F-11D3-BF4B-00C04F79EFBC}") = "ProjectTakit.UWP", "ProjectTakit\ProjectTakit.UWP\ProjectTakit.UWP.csproj", "{247CC85D-DE61-42DA-AFF9-3FD1098F0F3B}"
EndProject
Global
	GlobalSection(SolutionConfigurationPlatforms) = preSolution
		Ad-Hoc|Any CPU = Ad-Hoc|Any CPU
		Ad-Hoc|ARM = Ad-Hoc|ARM
		Ad-Hoc|iPhone = Ad-Hoc|iPhone
		Ad-Hoc|iPhoneSimulator = Ad-Hoc|iPhoneSimulator
		Ad-Hoc|x64 = Ad-Hoc|x64
		Ad-Hoc|x86 = Ad-Hoc|x86
		AppStore|Any CPU = AppStore|Any CPU
		AppStore|ARM = AppStore|ARM
		AppStore|iPhone = AppStore|iPhone
		AppStore|iPhoneSimulator = AppStore|iPhoneSimulator
		AppStore|x64 = AppStore|x64
		AppStore|x86 = AppStore|x86
		Debug|Any CPU = Debug|Any CPU
		Debug|ARM = Debug|ARM
		Debug|iPhone = Debug|iPhone
		Debug|iPhoneSimulator = Debug|iPhoneSimulator
		Debug|x64 = Debug|x64
		Debug|x86 = Debug|x86
		Release|Any CPU = Release|Any CPU
		Release|ARM = Release|ARM
		Release|iPhone = Release|iPhone
		Release|iPhoneSimulator = Release|iPhoneSimulator
		Release|x64 = Release|x64
		Release|x86 = Release|x86
	EndGlobalSection
	GlobalSection(ProjectConfigurationPlatforms) = postSolution
		{152F37CA-6E04-43A3-A9A9-470BD5A2495A}.Ad-Hoc|Any CPU.ActiveCfg = Debug|Any CPU
		{152F37CA-6E04-43A3-A9A9-470BD5A2495A}.Ad-Hoc|Any CPU.Build.0 = Debug|Any CPU
		{152F37CA-6E04-43A3-A9A9-470BD5A2495A}.Ad-Hoc|ARM.ActiveCfg = Debug|Any CPU
		{152F37CA-6E04-43A3-A9A9-470BD5A2495A}.Ad-Hoc|ARM.Build.0 = Debug|Any CPU
		{152F37CA-6E04-43A3-A9A9-470BD5A2495A}.Ad-Hoc|iPhone.ActiveCfg = Debug|Any CPU
		{152F37CA-6E04-43A3-A9A9-470BD5A2495A}.Ad-Hoc|iPhone.Build.0 = Debug|Any CPU
		{152F37CA-6E04-43A3-A9A9-470BD5A2495A}.Ad-Hoc|iPhoneSimulator.ActiveCfg = Debug|Any CPU
		{152F37CA-6E04-43A3-A9A9-470BD5A2495A}.Ad-Hoc|iPhoneSimulator.Build.0 = Debug|Any CPU
		{152F37CA-6E04-43A3-A9A9-470BD5A2495A}.Ad-Hoc|x64.ActiveCfg = Debug|Any CPU
		{152F37CA-6E04-43A3-A9A9-470BD5A2495A}.Ad-Hoc|x64.Build.0 = Debug|Any CPU
		{152F37CA-6E04-43A3-A9A9-470BD5A2495A}.Ad-Hoc|x86.ActiveCfg = Debug|Any CPU
		{152F37CA-6E04-43A3-A9A9-470BD5A2495A}.Ad-Hoc|x86.Build.0 = Debug|Any CPU
		{152F37CA-6E04-43A3-A9A9-470BD5A2495A}.AppStore|Any CPU.ActiveCfg = Debug|Any CPU
		{152F37CA-6E04-43A3-A9A9-470BD5A2495A}.AppStore|Any CPU.Build.0 = Debug|Any CPU
		{152F37CA-6E04-43A3-A9A9-470BD5A2495A}.AppStore|ARM.ActiveCfg = Debug|Any CPU
		{152F37CA-6E04-43A3-A9A9-470BD5A2495A}.AppStore|ARM.Build.0 = Debug|Any CPU
		{152F37CA-6E04-43A3-A9A9-470BD5A2495A}.AppStore|iPhone.ActiveCfg = Debug|Any CPU
		{152F37CA-6E04-43A3-A9A9-470BD5A2495A}.AppStore|iPhone.Build.0 = Debug|Any CPU
		{152F37CA-6E04-43A3-A9A9-470BD5A2495A}.AppStore|iPhoneSimulator.ActiveCfg = Debug|Any CPU
		{152F37CA-6E04-43A3-A9A9-470BD5A2495A}.AppStore|iPhoneSimulator.Build.0 = Debug|Any CPU
		{152F37CA-6E04-43A3-A9A9-470BD5A2495A}.AppStore|x64.ActiveCfg = Debug|Any CPU
		{152F37CA-6E04-43A3-A9A9-470BD5A2495A}.AppStore|x64.Build.0 = Debug|Any CPU
		{152F37CA-6E04-43A3-A9A9-470BD5A2495A}.AppStore|x86.ActiveCfg = Debug|Any CPU
		{152F37CA-6E04-43A3-A9A9-470BD5A2495A}.AppStore|x86.Build.0 = Debug|Any CPU
		{152F37CA-6E04-43A3-A9A9-470BD5A2495A}.Debug|Any CPU.ActiveCfg = Debug|Any CPU
		{152F37CA-6E04-43A3-A9A9-470BD5A2495A}.Debug|Any CPU.Build.0 = Debug|Any CPU
		{152F37CA-6E04-43A3-A9A9-470BD5A2495A}.Debug|ARM.ActiveCfg = Debug|Any CPU
		{152F37CA-6E04-43A3-A9A9-470BD5A2495A}.Debug|ARM.Build.0 = Debug|Any CPU
		{152F37CA-6E04-43A3-A9A9-470BD5A2495A}.Debug|iPhone.ActiveCfg = Debug|Any CPU
		{152F37CA-6E04-43A3-A9A9-470BD5A2495A}.Debug|iPhone.Build.0 = Debug|Any CPU
		{152F37CA-6E04-43A3-A9A9-470BD5A2495A}.Debug|iPhoneSimulator.ActiveCfg = Debug|Any CPU
		{152F37CA-6E04-43A3-A9A9-470BD5A2495A}.Debug|iPhoneSimulator.Build.0 = Debug|Any CPU
		{152F37CA-6E04-43A3-A9A9-470BD5A2495A}.Debug|x64.ActiveCfg = Debug|Any CPU
		{152F37CA-6E04-43A3-A9A9-470BD5A2495A}.Debug|x64.Build.0 = Debug|Any CPU
		{152F37CA-6E04-43A3-A9A9-470BD5A2495A}.Debug|x86.ActiveCfg = Debug|Any CPU
		{152F37CA-6E04-43A3-A9A9-470BD5A2495A}.Debug|x86.Build.0 = Debug|Any CPU
		{152F37CA-6E04-43A3-A9A9-470BD5A2495A}.Release|Any CPU.ActiveCfg = Release|Any CPU
		{152F37CA-6E04-43A3-A9A9-470BD5A2495A}.Release|Any CPU.Build.0 = Release|Any CPU
		{152F37CA-6E04-43A3-A9A9-470BD5A2495A}.Release|ARM.ActiveCfg = Release|Any CPU
		{152F37CA-6E04-43A3-A9A9-470BD5A2495A}.Release|ARM.Build.0 = Release|Any CPU
		{152F37CA-6E04-43A3-A9A9-470BD5A2495A}.Release|iPhone.ActiveCfg = Release|Any CPU
		{152F37CA-6E04-43A3-A9A9-470BD5A2495A}.Release|iPhone.Build.0 = Release|Any CPU
		{152F37CA-6E04-43A3-A9A9-470BD5A2495A}.Release|iPhoneSimulator.ActiveCfg = Release|Any CPU
		{152F37CA-6E04-43A3-A9A9-470BD5A2495A}.Release|iPhoneSimulator.Build.0 = Release|Any CPU
		{152F37CA-6E04-43A3-A9A9-470BD5A2495A}.Release|x64.ActiveCfg = Release|Any CPU
		{152F37CA-6E04-43A3-A9A9-470BD5A2495A}.Release|x64.Build.0 = Release|Any CPU
		{152F37CA-6E04-43A3-A9A9-470BD5A2495A}.Release|x86.ActiveCfg = Release|Any CPU
		{152F37CA-6E04-43A3-A9A9-470BD5A2495A}.Release|x86.Build.0 = Release|Any CPU
		{6D27826A-5A2A-4DA0-894F-B4DD55CCF810}.Ad-Hoc|Any CPU.ActiveCfg = Release|Any CPU
		{6D27826A-5A2A-4DA0-894F-B4DD55CCF810}.Ad-Hoc|Any CPU.Build.0 = Release|Any CPU
		{6D27826A-5A2A-4DA0-894F-B4DD55CCF810}.Ad-Hoc|Any CPU.Deploy.0 = Release|Any CPU
		{6D27826A-5A2A-4DA0-894F-B4DD55CCF810}.Ad-Hoc|ARM.ActiveCfg = Release|Any CPU
		{6D27826A-5A2A-4DA0-894F-B4DD55CCF810}.Ad-Hoc|ARM.Build.0 = Release|Any CPU
		{6D27826A-5A2A-4DA0-894F-B4DD55CCF810}.Ad-Hoc|ARM.Deploy.0 = Release|Any CPU
		{6D27826A-5A2A-4DA0-894F-B4DD55CCF810}.Ad-Hoc|iPhone.ActiveCfg = Release|Any CPU
		{6D27826A-5A2A-4DA0-894F-B4DD55CCF810}.Ad-Hoc|iPhone.Build.0 = Release|Any CPU
		{6D27826A-5A2A-4DA0-894F-B4DD55CCF810}.Ad-Hoc|iPhone.Deploy.0 = Release|Any CPU
		{6D27826A-5A2A-4DA0-894F-B4DD55CCF810}.Ad-Hoc|iPhoneSimulator.ActiveCfg = Release|Any CPU
		{6D27826A-5A2A-4DA0-894F-B4DD55CCF810}.Ad-Hoc|iPhoneSimulator.Build.0 = Release|Any CPU
		{6D27826A-5A2A-4DA0-894F-B4DD55CCF810}.Ad-Hoc|iPhoneSimulator.Deploy.0 = Release|Any CPU
		{6D27826A-5A2A-4DA0-894F-B4DD55CCF810}.Ad-Hoc|x64.ActiveCfg = Release|Any CPU
		{6D27826A-5A2A-4DA0-894F-B4DD55CCF810}.Ad-Hoc|x64.Build.0 = Release|Any CPU
		{6D27826A-5A2A-4DA0-894F-B4DD55CCF810}.Ad-Hoc|x64.Deploy.0 = Release|Any CPU
		{6D27826A-5A2A-4DA0-894F-B4DD55CCF810}.Ad-Hoc|x86.ActiveCfg = Release|Any CPU
		{6D27826A-5A2A-4DA0-894F-B4DD55CCF810}.Ad-Hoc|x86.Build.0 = Release|Any CPU
		{6D27826A-5A2A-4DA0-894F-B4DD55CCF810}.Ad-Hoc|x86.Deploy.0 = Release|Any CPU
		{6D27826A-5A2A-4DA0-894F-B4DD55CCF810}.AppStore|Any CPU.ActiveCfg = Release|Any CPU
		{6D27826A-5A2A-4DA0-894F-B4DD55CCF810}.AppStore|Any CPU.Build.0 = Release|Any CPU
		{6D27826A-5A2A-4DA0-894F-B4DD55CCF810}.AppStore|Any CPU.Deploy.0 = Release|Any CPU
		{6D27826A-5A2A-4DA0-894F-B4DD55CCF810}.AppStore|ARM.ActiveCfg = Release|Any CPU
		{6D27826A-5A2A-4DA0-894F-B4DD55CCF810}.AppStore|ARM.Build.0 = Release|Any CPU
		{6D27826A-5A2A-4DA0-894F-B4DD55CCF810}.AppStore|ARM.Deploy.0 = Release|Any CPU
		{6D27826A-5A2A-4DA0-894F-B4DD55CCF810}.AppStore|iPhone.ActiveCfg = Release|Any CPU
		{6D27826A-5A2A-4DA0-894F-B4DD55CCF810}.AppStore|iPhone.Build.0 = Release|Any CPU
		{6D27826A-5A2A-4DA0-894F-B4DD55CCF810}.AppStore|iPhone.Deploy.0 = Release|Any CPU
		{6D27826A-5A2A-4DA0-894F-B4DD55CCF810}.AppStore|iPhoneSimulator.ActiveCfg = Release|Any CPU
		{6D27826A-5A2A-4DA0-894F-B4DD55CCF810}.AppStore|iPhoneSimulator.Build.0 = Release|Any CPU
		{6D27826A-5A2A-4DA0-894F-B4DD55CCF810}.AppStore|iPhoneSimulator.Deploy.0 = Release|Any CPU
		{6D27826A-5A2A-4DA0-894F-B4DD55CCF810}.AppStore|x64.ActiveCfg = Release|Any CPU
		{6D27826A-5A2A-4DA0-894F-B4DD55CCF810}.AppStore|x64.Build.0 = Release|Any CPU
		{6D27826A-5A2A-4DA0-894F-B4DD55CCF810}.AppStore|x64.Deploy.0 = Release|Any CPU
		{6D27826A-5A2A-4DA0-894F-B4DD55CCF810}.AppStore|x86.ActiveCfg = Release|Any CPU
		{6D27826A-5A2A-4DA0-894F-B4DD55CCF810}.AppStore|x86.Build.0 = Release|Any CPU
		{6D27826A-5A2A-4DA0-894F-B4DD55CCF810}.AppStore|x86.Deploy.0 = Release|Any CPU
		{6D27826A-5A2A-4DA0-894F-B4DD55CCF810}.Debug|Any CPU.ActiveCfg = Debug|Any CPU
		{6D27826A-5A2A-4DA0-894F-B4DD55CCF810}.Debug|Any CPU.Build.0 = Debug|Any CPU
		{6D27826A-5A2A-4DA0-894F-B4DD55CCF810}.Debug|Any CPU.Deploy.0 = Debug|Any CPU
		{6D27826A-5A2A-4DA0-894F-B4DD55CCF810}.Debug|ARM.ActiveCfg = Debug|Any CPU
		{6D27826A-5A2A-4DA0-894F-B4DD55CCF810}.Debug|ARM.Build.0 = Debug|Any CPU
		{6D27826A-5A2A-4DA0-894F-B4DD55CCF810}.Debug|ARM.Deploy.0 = Debug|Any CPU
		{6D27826A-5A2A-4DA0-894F-B4DD55CCF810}.Debug|iPhone.ActiveCfg = Debug|Any CPU
		{6D27826A-5A2A-4DA0-894F-B4DD55CCF810}.Debug|iPhone.Build.0 = Debug|Any CPU
		{6D27826A-5A2A-4DA0-894F-B4DD55CCF810}.Debug|iPhone.Deploy.0 = Debug|Any CPU
		{6D27826A-5A2A-4DA0-894F-B4DD55CCF810}.Debug|iPhoneSimulator.ActiveCfg = Debug|Any CPU
		{6D27826A-5A2A-4DA0-894F-B4DD55CCF810}.Debug|iPhoneSimulator.Build.0 = Debug|Any CPU
		{6D27826A-5A2A-4DA0-894F-B4DD55CCF810}.Debug|iPhoneSimulator.Deploy.0 = Debug|Any CPU
		{6D27826A-5A2A-4DA0-894F-B4DD55CCF810}.Debug|x64.ActiveCfg = Debug|Any CPU
		{6D27826A-5A2A-4DA0-894F-B4DD55CCF810}.Debug|x64.Build.0 = Debug|Any CPU
		{6D27826A-5A2A-4DA0-894F-B4DD55CCF810}.Debug|x64.Deploy.0 = Debug|Any CPU
		{6D27826A-5A2A-4DA0-894F-B4DD55CCF810}.Debug|x86.ActiveCfg = Debug|Any CPU
		{6D27826A-5A2A-4DA0-894F-B4DD55CCF810}.Debug|x86.Build.0 = Debug|Any CPU
		{6D27826A-5A2A-4DA0-894F-B4DD55CCF810}.Debug|x86.Deploy.0 = Debug|Any CPU
		{6D27826A-5A2A-4DA0-894F-B4DD55CCF810}.Release|Any CPU.ActiveCfg = Release|Any CPU
		{6D27826A-5A2A-4DA0-894F-B4DD55CCF810}.Release|Any CPU.Build.0 = Release|Any CPU
		{6D27826A-5A2A-4DA0-894F-B4DD55CCF810}.Release|Any CPU.Deploy.0 = Release|Any CPU
		{6D27826A-5A2A-4DA0-894F-B4DD55CCF810}.Release|ARM.ActiveCfg = Release|Any CPU
		{6D27826A-5A2A-4DA0-894F-B4DD55CCF810}.Release|ARM.Build.0 = Release|Any CPU
		{6D27826A-5A2A-4DA0-894F-B4DD55CCF810}.Release|ARM.Deploy.0 = Release|Any CPU
		{6D27826A-5A2A-4DA0-894F-B4DD55CCF810}.Release|iPhone.ActiveCfg = Release|Any CPU
		{6D27826A-5A2A-4DA0-894F-B4DD55CCF810}.Release|iPhone.Build.0 = Release|Any CPU
		{6D27826A-5A2A-4DA0-894F-B4DD55CCF810}.Release|iPhone.Deploy.0 = Release|Any CPU
		{6D27826A-5A2A-4DA0-894F-B4DD55CCF810}.Release|iPhoneSimulator.ActiveCfg = Release|Any CPU
		{6D27826A-5A2A-4DA0-894F-B4DD55CCF810}.Release|iPhoneSimulator.Build.0 = Release|Any CPU
		{6D27826A-5A2A-4DA0-894F-B4DD55CCF810}.Release|iPhoneSimulator.Deploy.0 = Release|Any CPU
		{6D27826A-5A2A-4DA0-894F-B4DD55CCF810}.Release|x64.ActiveCfg = Release|Any CPU
		{6D27826A-5A2A-4DA0-894F-B4DD55CCF810}.Release|x64.Build.0 = Release|Any CPU
		{6D27826A-5A2A-4DA0-894F-B4DD55CCF810}.Release|x64.Deploy.0 = Release|Any CPU
		{6D27826A-5A2A-4DA0-894F-B4DD55CCF810}.Release|x86.ActiveCfg = Release|Any CPU
		{6D27826A-5A2A-4DA0-894F-B4DD55CCF810}.Release|x86.Build.0 = Release|Any CPU
		{6D27826A-5A2A-4DA0-894F-B4DD55CCF810}.Release|x86.Deploy.0 = Release|Any CPU
		{30152962-1B63-4E9E-A296-354332591A68}.Ad-Hoc|Any CPU.ActiveCfg = Ad-Hoc|iPhone
		{30152962-1B63-4E9E-A296-354332591A68}.Ad-Hoc|ARM.ActiveCfg = Ad-Hoc|iPhone
		{30152962-1B63-4E9E-A296-354332591A68}.Ad-Hoc|iPhone.ActiveCfg = Ad-Hoc|iPhone
		{30152962-1B63-4E9E-A296-354332591A68}.Ad-Hoc|iPhone.Build.0 = Ad-Hoc|iPhone
		{30152962-1B63-4E9E-A296-354332591A68}.Ad-Hoc|iPhoneSimulator.ActiveCfg = Ad-Hoc|iPhoneSimulator
		{30152962-1B63-4E9E-A296-354332591A68}.Ad-Hoc|iPhoneSimulator.Build.0 = Ad-Hoc|iPhoneSimulator
		{30152962-1B63-4E9E-A296-354332591A68}.Ad-Hoc|x64.ActiveCfg = Ad-Hoc|iPhone
		{30152962-1B63-4E9E-A296-354332591A68}.Ad-Hoc|x86.ActiveCfg = Ad-Hoc|iPhone
		{30152962-1B63-4E9E-A296-354332591A68}.AppStore|Any CPU.ActiveCfg = AppStore|iPhone
		{30152962-1B63-4E9E-A296-354332591A68}.AppStore|ARM.ActiveCfg = AppStore|iPhone
		{30152962-1B63-4E9E-A296-354332591A68}.AppStore|iPhone.ActiveCfg = AppStore|iPhone
		{30152962-1B63-4E9E-A296-354332591A68}.AppStore|iPhone.Build.0 = AppStore|iPhone
		{30152962-1B63-4E9E-A296-354332591A68}.AppStore|iPhoneSimulator.ActiveCfg = AppStore|iPhoneSimulator
		{30152962-1B63-4E9E-A296-354332591A68}.AppStore|iPhoneSimulator.Build.0 = AppStore|iPhoneSimulator
		{30152962-1B63-4E9E-A296-354332591A68}.AppStore|x64.ActiveCfg = AppStore|iPhone
		{30152962-1B63-4E9E-A296-354332591A68}.AppStore|x86.ActiveCfg = AppStore|iPhone
		{30152962-1B63-4E9E-A296-354332591A68}.Debug|Any CPU.ActiveCfg = Debug|iPhone
		{30152962-1B63-4E9E-A296-354332591A68}.Debug|ARM.ActiveCfg = Debug|iPhone
		{30152962-1B63-4E9E-A296-354332591A68}.Debug|iPhone.ActiveCfg = Debug|iPhone
		{30152962-1B63-4E9E-A296-354332591A68}.Debug|iPhone.Build.0 = Debug|iPhone
		{30152962-1B63-4E9E-A296-354332591A68}.Debug|iPhoneSimulator.ActiveCfg = Debug|iPhoneSimulator
		{30152962-1B63-4E9E-A296-354332591A68}.Debug|iPhoneSimulator.Build.0 = Debug|iPhoneSimulator
		{30152962-1B63-4E9E-A296-354332591A68}.Debug|x64.ActiveCfg = Debug|iPhone
		{30152962-1B63-4E9E-A296-354332591A68}.Debug|x86.ActiveCfg = Debug|iPhone
		{30152962-1B63-4E9E-A296-354332591A68}.Release|Any CPU.ActiveCfg = Release|iPhone
		{30152962-1B63-4E9E-A296-354332591A68}.Release|ARM.ActiveCfg = Release|iPhone
		{30152962-1B63-4E9E-A296-354332591A68}.Release|iPhone.ActiveCfg = Release|iPhone
		{30152962-1B63-4E9E-A296-354332591A68}.Release|iPhone.Build.0 = Release|iPhone
		{30152962-1B63-4E9E-A296-354332591A68}.Release|iPhoneSimulator.ActiveCfg = Release|iPhoneSimulator
		{30152962-1B63-4E9E-A296-354332591A68}.Release|iPhoneSimulator.Build.0 = Release|iPhoneSimulator
		{30152962-1B63-4E9E-A296-354332591A68}.Release|x64.ActiveCfg = Release|iPhone
		{30152962-1B63-4E9E-A296-354332591A68}.Release|x86.ActiveCfg = Release|iPhone
		{247CC85D-DE61-42DA-AFF9-3FD1098F0F3B}.Ad-Hoc|Any CPU.ActiveCfg = Release|x86
		{247CC85D-DE61-42DA-AFF9-3FD1098F0F3B}.Ad-Hoc|Any CPU.Build.0 = Release|x86
		{247CC85D-DE61-42DA-AFF9-3FD1098F0F3B}.Ad-Hoc|Any CPU.Deploy.0 = Release|x86
		{247CC85D-DE61-42DA-AFF9-3FD1098F0F3B}.Ad-Hoc|ARM.ActiveCfg = Release|ARM
		{247CC85D-DE61-42DA-AFF9-3FD1098F0F3B}.Ad-Hoc|ARM.Build.0 = Release|ARM
		{247CC85D-DE61-42DA-AFF9-3FD1098F0F3B}.Ad-Hoc|ARM.Deploy.0 = Release|ARM
		{247CC85D-DE61-42DA-AFF9-3FD1098F0F3B}.Ad-Hoc|iPhone.ActiveCfg = Release|x86
		{247CC85D-DE61-42DA-AFF9-3FD1098F0F3B}.Ad-Hoc|iPhone.Build.0 = Release|x86
		{247CC85D-DE61-42DA-AFF9-3FD1098F0F3B}.Ad-Hoc|iPhone.Deploy.0 = Release|x86
		{247CC85D-DE61-42DA-AFF9-3FD1098F0F3B}.Ad-Hoc|iPhoneSimulator.ActiveCfg = Release|x86
		{247CC85D-DE61-42DA-AFF9-3FD1098F0F3B}.Ad-Hoc|iPhoneSimulator.Build.0 = Release|x86
		{247CC85D-DE61-42DA-AFF9-3FD1098F0F3B}.Ad-Hoc|iPhoneSimulator.Deploy.0 = Release|x86
		{247CC85D-DE61-42DA-AFF9-3FD1098F0F3B}.Ad-Hoc|x64.ActiveCfg = Release|x64
		{247CC85D-DE61-42DA-AFF9-3FD1098F0F3B}.Ad-Hoc|x64.Build.0 = Release|x64
		{247CC85D-DE61-42DA-AFF9-3FD1098F0F3B}.Ad-Hoc|x64.Deploy.0 = Release|x64
		{247CC85D-DE61-42DA-AFF9-3FD1098F0F3B}.Ad-Hoc|x86.ActiveCfg = Release|x86
		{247CC85D-DE61-42DA-AFF9-3FD1098F0F3B}.Ad-Hoc|x86.Build.0 = Release|x86
		{247CC85D-DE61-42DA-AFF9-3FD1098F0F3B}.Ad-Hoc|x86.Deploy.0 = Release|x86
		{247CC85D-DE61-42DA-AFF9-3FD1098F0F3B}.AppStore|Any CPU.ActiveCfg = Release|x86
		{247CC85D-DE61-42DA-AFF9-3FD1098F0F3B}.AppStore|Any CPU.Build.0 = Release|x86
		{247CC85D-DE61-42DA-AFF9-3FD1098F0F3B}.AppStore|Any CPU.Deploy.0 = Release|x86
		{247CC85D-DE61-42DA-AFF9-3FD1098F0F3B}.AppStore|ARM.ActiveCfg = Release|ARM
		{247CC85D-DE61-42DA-AFF9-3FD1098F0F3B}.AppStore|ARM.Build.0 = Release|ARM
		{247CC85D-DE61-42DA-AFF9-3FD1098F0F3B}.AppStore|ARM.Deploy.0 = Release|ARM
		{247CC85D-DE61-42DA-AFF9-3FD1098F0F3B}.AppStore|iPhone.ActiveCfg = Release|x86
		{247CC85D-DE61-42DA-AFF9-3FD1098F0F3B}.AppStore|iPhone.Build.0 = Release|x86
		{247CC85D-DE61-42DA-AFF9-3FD1098F0F3B}.AppStore|iPhone.Deploy.0 = Release|x86
		{247CC85D-DE61-42DA-AFF9-3FD1098F0F3B}.AppStore|iPhoneSimulator.ActiveCfg = Release|x86
		{247CC85D-DE61-42DA-AFF9-3FD1098F0F3B}.AppStore|iPhoneSimulator.Build.0 = Release|x86
		{247CC85D-DE61-42DA-AFF9-3FD1098F0F3B}.AppStore|iPhoneSimulator.Deploy.0 = Release|x86
		{247CC85D-DE61-42DA-AFF9-3FD1098F0F3B}.AppStore|x64.ActiveCfg = Release|x64
		{247CC85D-DE61-42DA-AFF9-3FD1098F0F3B}.AppStore|x64.Build.0 = Release|x64
		{247CC85D-DE61-42DA-AFF9-3FD1098F0F3B}.AppStore|x64.Deploy.0 = Release|x64
		{247CC85D-DE61-42DA-AFF9-3FD1098F0F3B}.AppStore|x86.ActiveCfg = Release|x86
		{247CC85D-DE61-42DA-AFF9-3FD1098F0F3B}.AppStore|x86.Build.0 = Release|x86
		{247CC85D-DE61-42DA-AFF9-3FD1098F0F3B}.AppStore|x86.Deploy.0 = Release|x86
		{247CC85D-DE61-42DA-AFF9-3FD1098F0F3B}.Debug|Any CPU.ActiveCfg = Debug|x86
		{247CC85D-DE61-42DA-AFF9-3FD1098F0F3B}.Debug|ARM.ActiveCfg = Debug|ARM
		{247CC85D-DE61-42DA-AFF9-3FD1098F0F3B}.Debug|ARM.Build.0 = Debug|ARM
		{247CC85D-DE61-42DA-AFF9-3FD1098F0F3B}.Debug|ARM.Deploy.0 = Debug|ARM
		{247CC85D-DE61-42DA-AFF9-3FD1098F0F3B}.Debug|iPhone.ActiveCfg = Debug|x86
		{247CC85D-DE61-42DA-AFF9-3FD1098F0F3B}.Debug|iPhoneSimulator.ActiveCfg = Debug|x86
		{247CC85D-DE61-42DA-AFF9-3FD1098F0F3B}.Debug|x64.ActiveCfg = Debug|x64
		{247CC85D-DE61-42DA-AFF9-3FD1098F0F3B}.Debug|x64.Build.0 = Debug|x64
		{247CC85D-DE61-42DA-AFF9-3FD1098F0F3B}.Debug|x64.Deploy.0 = Debug|x64
		{247CC85D-DE61-42DA-AFF9-3FD1098F0F3B}.Debug|x86.ActiveCfg = Debug|x86
		{247CC85D-DE61-42DA-AFF9-3FD1098F0F3B}.Debug|x86.Build.0 = Debug|x86
		{247CC85D-DE61-42DA-AFF9-3FD1098F0F3B}.Debug|x86.Deploy.0 = Debug|x86
		{247CC85D-DE61-42DA-AFF9-3FD1098F0F3B}.Release|Any CPU.ActiveCfg = Release|x86
		{247CC85D-DE61-42DA-AFF9-3FD1098F0F3B}.Release|ARM.ActiveCfg = Release|ARM
		{247CC85D-DE61-42DA-AFF9-3FD1098F0F3B}.Release|ARM.Build.0 = Release|ARM
		{247CC85D-DE61-42DA-AFF9-3FD1098F0F3B}.Release|ARM.Deploy.0 = Release|ARM
		{247CC85D-DE61-42DA-AFF9-3FD1098F0F3B}.Release|iPhone.ActiveCfg = Release|x86
		{247CC85D-DE61-42DA-AFF9-3FD1098F0F3B}.Release|iPhoneSimulator.ActiveCfg = Release|x86
		{247CC85D-DE61-42DA-AFF9-3FD1098F0F3B}.Release|x64.ActiveCfg = Release|x64
		{247CC85D-DE61-42DA-AFF9-3FD1098F0F3B}.Release|x64.Build.0 = Release|x64
		{247CC85D-DE61-42DA-AFF9-3FD1098F0F3B}.Release|x64.Deploy.0 = Release|x64
		{247CC85D-DE61-42DA-AFF9-3FD1098F0F3B}.Release|x86.ActiveCfg = Release|x86
		{247CC85D-DE61-42DA-AFF9-3FD1098F0F3B}.Release|x86.Build.0 = Release|x86
		{247CC85D-DE61-42DA-AFF9-3FD1098F0F3B}.Release|x86.Deploy.0 = Release|x86
	EndGlobalSection
	GlobalSection(SolutionProperties) = preSolution
		HideSolutionNode = FALSE
	EndGlobalSection
	GlobalSection(ExtensibilityGlobals) = postSolution
		SolutionGuid = {B6415E41-813B-416D-B793-62FC82365FF2}
	EndGlobalSection
EndGlobal
